
Microsoft Visual Studio Solution File, Format Version 12.00
# Visual Studio Version 17
VisualStudioVersion = 17.14.37301.10 d17.14
MinimumVisualStudioVersion = 10.0.40219.1
Project("{FAE04EC0-301F-11D3-BF4B-00C04F79EFBC}") = "GitHub", "GitHub\GitHub.csproj", "{81CFE062-5DA1-4EF5-85FE-48DE14E50AF9}"
EndProject
Global
	GlobalSection(SolutionConfigurationPlatforms) = preSolution
		Debug|Any CPU = Debug|Any CPU
		Release|Any CPU = Release|Any CPU
	EndGlobalSection
	GlobalSection(ProjectConfigurationPlatforms) = postSolution
		{81CFE062-5DA1-4EF5-85FE-48DE14E50AF9}.Debug|Any CPU.ActiveCfg = Debug|Any CPU
		{81CFE062-5DA1-4EF5-85FE-48DE14E50AF9}.Debug|Any CPU.Build.0 = Debug|Any CPU
		{81CFE062-5DA1-4EF5-85FE-48DE14E50AF9}.Release|Any CPU.ActiveCfg = Release|Any CPU
		{81CFE062-5DA1-4EF5-85FE-48DE14E50AF9}.Release|Any CPU.Build.0 = Release|Any CPU
	EndGlobalSection
	GlobalSection(SolutionProperties) = preSolution
		HideSolutionNode = FALSE
	EndGlobalSection
	GlobalSection(ExtensibilityGlobals) = postSolution
		SolutionGuid = {D12BABD1-09CF-4A05-A9C6-E608B592B928}
	EndGlobalSection
EndGlobal
